// !$*UTF8*$!
{
	archiveVersion = 1;
	classes = {
	};
	objectVersion = 50;
	objects = {

/* Begin PBXBuildFile section */
		93351FCA26F9AC6800B7232B /* AppDelegate.swift in Sources */ = {isa = PBXBuildFile; fileRef = 93351FC926F9AC6800B7232B /* AppDelegate.swift */; };
		93351FCC26F9AC6800B7232B /* SceneDelegate.swift in Sources */ = {isa = PBXBuildFile; fileRef = 93351FCB26F9AC6800B7232B /* SceneDelegate.swift */; };
		93351FCE26F9AC6800B7232B /* ViewController.swift in Sources */ = {isa = PBXBuildFile; fileRef = 93351FCD26F9AC6800B7232B /* ViewController.swift */; };
		93351FD126F9AC6800B7232B /* Main.storyboard in Resources */ = {isa = PBXBuildFile; fileRef = 93351FCF26F9AC6800B7232B /* Main.storyboard */; };
		93351FD326F9AC6900B7232B /* Assets.xcassets in Resources */ = {isa = PBXBuildFile; fileRef = 93351FD226F9AC6900B7232B /* Assets.xcassets */; };
		93351FD626F9AC6900B7232B /* LaunchScreen.storyboard in Resources */ = {isa = PBXBuildFile; fileRef = 93351FD426F9AC6900B7232B /* LaunchScreen.storyboard */; };
		93351FE126F9AC6900B7232B /* _021_09_20_Mad_Lib_Anh_TranTests.swift in Sources */ = {isa = PBXBuildFile; fileRef = 93351FE026F9AC6900B7232B /* _021_09_20_Mad_Lib_Anh_TranTests.swift */; };
		93351FEC26F9AC6900B7232B /* _021_09_20_Mad_Lib_Anh_TranUITests.swift in Sources */ = {isa = PBXBuildFile; fileRef = 93351FEB26F9AC6900B7232B /* _021_09_20_Mad_Lib_Anh_TranUITests.swift */; };
/* End PBXBuildFile section */

/* Begin PBXContainerItemProxy section */
		93351FDD26F9AC6900B7232B /* PBXContainerItemProxy */ = {
			isa = PBXContainerItemProxy;
			containerPortal = 93351FBE26F9AC6800B7232B /* Project object */;
			proxyType = 1;
			remoteGlobalIDString = 93351FC526F9AC6800B7232B;
			remoteInfo = "2021-09-20-Mad-Lib-Anh-Tran";
		};
		93351FE826F9AC6900B7232B /* PBXContainerItemProxy */ = {
			isa = PBXContainerItemProxy;
			containerPortal = 93351FBE26F9AC6800B7232B /* Project object */;
			proxyType = 1;
			remoteGlobalIDString = 93351FC526F9AC6800B7232B;
			remoteInfo = "2021-09-20-Mad-Lib-Anh-Tran";
		};
/* End PBXContainerItemProxy section */

/* Begin PBXFileReference section */
		93351FC626F9AC6800B7232B /* 2021-09-20-Mad-Lib-Anh-Tran.app */ = {isa = PBXFileReference; explicitFileType = wrapper.application; includeInIndex = 0; path = "2021-09-20-Mad-Lib-Anh-Tran.app"; sourceTree = BUILT_PRODUCTS_DIR; };
		93351FC926F9AC6800B7232B /* AppDelegate.swift */ = {isa = PBXFileReference; lastKnownFileType = sourcecode.swift; path = AppDelegate.swift; sourceTree = "<group>"; };
		93351FCB26F9AC6800B7232B /* SceneDelegate.swift */ = {isa = PBXFileReference; lastKnownFileType = sourcecode.swift; path = SceneDelegate.swift; sourceTree = "<group>"; };
		93351FCD26F9AC6800B7232B /* ViewController.swift */ = {isa = PBXFileReference; lastKnownFileType = sourcecode.swift; path = ViewController.swift; sourceTree = "<group>"; };
		93351FD026F9AC6800B7232B /* Base */ = {isa = PBXFileReference; lastKnownFileType = file.storyboard; name = Base; path = Base.lproj/Main.storyboard; sourceTree = "<group>"; };
		93351FD226F9AC6900B7232B /* Assets.xcassets */ = {isa = PBXFileReference; lastKnownFileType = folder.assetcatalog; path = Assets.xcassets; sourceTree = "<group>"; };
		93351FD526F9AC6900B7232B /* Base */ = {isa = PBXFileReference; lastKnownFileType = file.storyboard; name = Base; path = Base.lproj/LaunchScreen.storyboard; sourceTree = "<group>"; };
		93351FD726F9AC6900B7232B /* Info.plist */ = {isa = PBXFileReference; lastKnownFileType = text.plist.xml; path = Info.plist; sourceTree = "<group>"; };
		93351FDC26F9AC6900B7232B /* 2021-09-20-Mad-Lib-Anh-TranTests.xctest */ = {isa = PBXFileReference; explicitFileType = wrapper.cfbundle; includeInIndex = 0; path = "2021-09-20-Mad-Lib-Anh-TranTests.xctest"; sourceTree = BUILT_PRODUCTS_DIR; };
		93351FE026F9AC6900B7232B /* _021_09_20_Mad_Lib_Anh_TranTests.swift */ = {isa = PBXFileReference; lastKnownFileType = sourcecode.swift; path = _021_09_20_Mad_Lib_Anh_TranTests.swift; sourceTree = "<group>"; };
		93351FE226F9AC6900B7232B /* Info.plist */ = {isa = PBXFileReference; lastKnownFileType = text.plist.xml; path = Info.plist; sourceTree = "<group>"; };
		93351FE726F9AC6900B7232B /* 2021-09-20-Mad-Lib-Anh-TranUITests.xctest */ = {isa = PBXFileReference; explicitFileType = wrapper.cfbundle; includeInIndex = 0; path = "2021-09-20-Mad-Lib-Anh-TranUITests.xctest"; sourceTree = BUILT_PRODUCTS_DIR; };
		93351FEB26F9AC6900B7232B /* _021_09_20_Mad_Lib_Anh_TranUITests.swift */ = {isa = PBXFileReference; lastKnownFileType = sourcecode.swift; path = _021_09_20_Mad_Lib_Anh_TranUITests.swift; sourceTree = "<group>"; };
		93351FED26F9AC6900B7232B /* Info.plist */ = {isa = PBXFileReference; lastKnownFileType = text.plist.xml; path = Info.plist; sourceTree = "<group>"; };
/* End PBXFileReference section */

/* Begin PBXFrameworksBuildPhase section */
		93351FC326F9AC6800B7232B /* Frameworks */ = {
			isa = PBXFrameworksBuildPhase;
			buildActionMask = 2147483647;
			files = (
			);
			runOnlyForDeploymentPostprocessing = 0;
		};
		93351FD926F9AC6900B7232B /* Frameworks */ = {
			isa = PBXFrameworksBuildPhase;
			buildActionMask = 2147483647;
			files = (
			);
			runOnlyForDeploymentPostprocessing = 0;
		};
		93351FE426F9AC6900B7232B /* Frameworks */ = {
			isa = PBXFrameworksBuildPhase;
			buildActionMask = 2147483647;
			files = (
			);
			runOnlyForDeploymentPostprocessing = 0;
		};
/* End PBXFrameworksBuildPhase section */

/* Begin PBXGroup section */
		93351FBD26F9AC6800B7232B = {
			isa = PBXGroup;
			children = (
				93351FC826F9AC6800B7232B /* 2021-09-20-Mad-Lib-Anh-Tran */,
				93351FDF26F9AC6900B7232B /* 2021-09-20-Mad-Lib-Anh-TranTests */,
				93351FEA26F9AC6900B7232B /* 2021-09-20-Mad-Lib-Anh-TranUITests */,
				93351FC726F9AC6800B7232B /* Products */,
			);
			sourceTree = "<group>";
		};
		93351FC726F9AC6800B7232B /* Products */ = {
			isa = PBXGroup;
			children = (
				93351FC626F9AC6800B7232B /* 2021-09-20-Mad-Lib-Anh-Tran.app */,
				93351FDC26F9AC6900B7232B /* 2021-09-20-Mad-Lib-Anh-TranTests.xctest */,
				93351FE726F9AC6900B7232B /* 2021-09-20-Mad-Lib-Anh-TranUITests.xctest */,
			);
			name = Products;
			sourceTree = "<group>";
		};
		93351FC826F9AC6800B7232B /* 2021-09-20-Mad-Lib-Anh-Tran */ = {
			isa = PBXGroup;
			children = (
				93351FC926F9AC6800B7232B /* AppDelegate.swift */,
				93351FCB26F9AC6800B7232B /* SceneDelegate.swift */,
				93351FCD26F9AC6800B7232B /* ViewController.swift */,
				93351FCF26F9AC6800B7232B /* Main.storyboard */,
				93351FD226F9AC6900B7232B /* Assets.xcassets */,
				93351FD426F9AC6900B7232B /* LaunchScreen.storyboard */,
				93351FD726F9AC6900B7232B /* Info.plist */,
			);
			path = "2021-09-20-Mad-Lib-Anh-Tran";
			sourceTree = "<group>";
		};
		93351FDF26F9AC6900B7232B /* 2021-09-20-Mad-Lib-Anh-TranTests */ = {
			isa = PBXGroup;
			children = (
				93351FE026F9AC6900B7232B /* _021_09_20_Mad_Lib_Anh_TranTests.swift */,
				93351FE226F9AC6900B7232B /* Info.plist */,
			);
			path = "2021-09-20-Mad-Lib-Anh-TranTests";
			sourceTree = "<group>";
		};
		93351FEA26F9AC6900B7232B /* 2021-09-20-Mad-Lib-Anh-TranUITests */ = {
			isa = PBXGroup;
			children = (
				93351FEB26F9AC6900B7232B /* _021_09_20_Mad_Lib_Anh_TranUITests.swift */,
				93351FED26F9AC6900B7232B /* Info.plist */,
			);
			path = "2021-09-20-Mad-Lib-Anh-TranUITests";
			sourceTree = "<group>";
		};
/* End PBXGroup section */

/* Begin PBXNativeTarget section */
		93351FC526F9AC6800B7232B /* 2021-09-20-Mad-Lib-Anh-Tran */ = {
			isa = PBXNativeTarget;
			buildConfigurationList = 93351FF026F9AC6900B7232B /* Build configuration list for PBXNativeTarget "2021-09-20-Mad-Lib-Anh-Tran" */;
			buildPhases = (
				93351FC226F9AC6800B7232B /* Sources */,
				93351FC326F9AC6800B7232B /* Frameworks */,
				93351FC426F9AC6800B7232B /* Resources */,
			);
			buildRules = (
			);
			dependencies = (
			);
			name = "2021-09-20-Mad-Lib-Anh-Tran";
			productName = "2021-09-20-Mad-Lib-Anh-Tran";
			productReference = 93351FC626F9AC6800B7232B /* 2021-09-20-Mad-Lib-Anh-Tran.app */;
			productType = "com.apple.product-type.application";
		};
		93351FDB26F9AC6900B7232B /* 2021-09-20-Mad-Lib-Anh-TranTests */ = {
			isa = PBXNativeTarget;
			buildConfigurationList = 93351FF326F9AC6900B7232B /* Build configuration list for PBXNativeTarget "2021-09-20-Mad-Lib-Anh-TranTests" */;
			buildPhases = (
				93351FD826F9AC6900B7232B /* Sources */,
				93351FD926F9AC6900B7232B /* Frameworks */,
				93351FDA26F9AC6900B7232B /* Resources */,
			);
			buildRules = (
			);
			dependencies = (
				93351FDE26F9AC6900B7232B /* PBXTargetDependency */,
			);
			name = "2021-09-20-Mad-Lib-Anh-TranTests";
			productName = "2021-09-20-Mad-Lib-Anh-TranTests";
			productReference = 93351FDC26F9AC6900B7232B /* 2021-09-20-Mad-Lib-Anh-TranTests.xctest */;
			productType = "com.apple.product-type.bundle.unit-test";
		};
		93351FE626F9AC6900B7232B /* 2021-09-20-Mad-Lib-Anh-TranUITests */ = {
			isa = PBXNativeTarget;
			buildConfigurationList = 93351FF626F9AC6900B7232B /* Build configuration list for PBXNativeTarget "2021-09-20-Mad-Lib-Anh-TranUITests" */;
			buildPhases = (
				93351FE326F9AC6900B7232B /* Sources */,
				93351FE426F9AC6900B7232B /* Frameworks */,
				93351FE526F9AC6900B7232B /* Resources */,
			);
			buildRules = (
			);
			dependencies = (
				93351FE926F9AC6900B7232B /* PBXTargetDependency */,
			);
			name = "2021-09-20-Mad-Lib-Anh-TranUITests";
			productName = "2021-09-20-Mad-Lib-Anh-TranUITests";
			productReference = 93351FE726F9AC6900B7232B /* 2021-09-20-Mad-Lib-Anh-TranUITests.xctest */;
			productType = "com.apple.product-type.bundle.ui-testing";
		};
/* End PBXNativeTarget section */

/* Begin PBXProject section */
		93351FBE26F9AC6800B7232B /* Project object */ = {
			isa = PBXProject;
			attributes = {
				LastSwiftUpdateCheck = 1250;
				LastUpgradeCheck = 1250;
				TargetAttributes = {
					93351FC526F9AC6800B7232B = {
						CreatedOnToolsVersion = 12.5.1;
					};
					93351FDB26F9AC6900B7232B = {
						CreatedOnToolsVersion = 12.5.1;
						TestTargetID = 93351FC526F9AC6800B7232B;
					};
					93351FE626F9AC6900B7232B = {
						CreatedOnToolsVersion = 12.5.1;
						TestTargetID = 93351FC526F9AC6800B7232B;
					};
				};
			};
			buildConfigurationList = 93351FC126F9AC6800B7232B /* Build configuration list for PBXProject "2021-09-20-Mad-Lib-Anh-Tran" */;
			compatibilityVersion = "Xcode 9.3";
			developmentRegion = en;
			hasScannedForEncodings = 0;
			knownRegions = (
				en,
				Base,
			);
			mainGroup = 93351FBD26F9AC6800B7232B;
			productRefGroup = 93351FC726F9AC6800B7232B /* Products */;
			projectDirPath = "";
			projectRoot = "";
			targets = (
				93351FC526F9AC6800B7232B /* 2021-09-20-Mad-Lib-Anh-Tran */,
				93351FDB26F9AC6900B7232B /* 2021-09-20-Mad-Lib-Anh-TranTests */,
				93351FE626F9AC6900B7232B /* 2021-09-20-Mad-Lib-Anh-TranUITests */,
			);
		};
/* End PBXProject section */

/* Begin PBXResourcesBuildPhase section */
		93351FC426F9AC6800B7232B /* Resources */ = {
			isa = PBXResourcesBuildPhase;
			buildActionMask = 2147483647;
			files = (
				93351FD626F9AC6900B7232B /* LaunchScreen.storyboard in Resources */,
				93351FD326F9AC6900B7232B /* Assets.xcassets in Resources */,
				93351FD126F9AC6800B7232B /* Main.storyboard in Resources */,
			);
			runOnlyForDeploymentPostprocessing = 0;
		};
		93351FDA26F9AC6900B7232B /* Resources */ = {
			isa = PBXResourcesBuildPhase;
			buildActionMask = 2147483647;
			files = (
			);
			runOnlyForDeploymentPostprocessing = 0;
		};
		93351FE526F9AC6900B7232B /* Resources */ = {
			isa = PBXResourcesBuildPhase;
			buildActionMask = 2147483647;
			files = (
			);
			runOnlyForDeploymentPostprocessing = 0;
		};
/* End PBXResourcesBuildPhase section */

/* Begin PBXSourcesBuildPhase section */
		93351FC226F9AC6800B7232B /* Sources */ = {
			isa = PBXSourcesBuildPhase;
			buildActionMask = 2147483647;
			files = (
				93351FCE26F9AC6800B7232B /* ViewController.swift in Sources */,
				93351FCA26F9AC6800B7232B /* AppDelegate.swift in Sources */,
				93351FCC26F9AC6800B7232B /* SceneDelegate.swift in Sources */,
			);
			runOnlyForDeploymentPostprocessing = 0;
		};
		93351FD826F9AC6900B7232B /* Sources */ = {
			isa = PBXSourcesBuildPhase;
			buildActionMask = 2147483647;
			files = (
				93351FE126F9AC6900B7232B /* _021_09_20_Mad_Lib_Anh_TranTests.swift in Sources */,
			);
			runOnlyForDeploymentPostprocessing = 0;
		};
		93351FE326F9AC6900B7232B /* Sources */ = {
			isa = PBXSourcesBuildPhase;
			buildActionMask = 2147483647;
			files = (
				93351FEC26F9AC6900B7232B /* _021_09_20_Mad_Lib_Anh_TranUITests.swift in Sources */,
			);
			runOnlyForDeploymentPostprocessing = 0;
		};
/* End PBXSourcesBuildPhase section */

/* Begin PBXTargetDependency section */
		93351FDE26F9AC6900B7232B /* PBXTargetDependency */ = {
			isa = PBXTargetDependency;
			target = 93351FC526F9AC6800B7232B /* 2021-09-20-Mad-Lib-Anh-Tran */;
			targetProxy = 93351FDD26F9AC6900B7232B /* PBXContainerItemProxy */;
		};
		93351FE926F9AC6900B7232B /* PBXTargetDependency */ = {
			isa = PBXTargetDependency;
			target = 93351FC526F9AC6800B7232B /* 2021-09-20-Mad-Lib-Anh-Tran */;
			targetProxy = 93351FE826F9AC6900B7232B /* PBXContainerItemProxy */;
		};
/* End PBXTargetDependency section */

/* Begin PBXVariantGroup section */
		93351FCF26F9AC6800B7232B /* Main.storyboard */ = {
			isa = PBXVariantGroup;
			children = (
				93351FD026F9AC6800B7232B /* Base */,
			);
			name = Main.storyboard;
			sourceTree = "<group>";
		};
		93351FD426F9AC6900B7232B /* LaunchScreen.storyboard */ = {
			isa = PBXVariantGroup;
			children = (
				93351FD526F9AC6900B7232B /* Base */,
			);
			name = LaunchScreen.storyboard;
			sourceTree = "<group>";
		};
/* End PBXVariantGroup section */

/* Begin XCBuildConfiguration section */
		93351FEE26F9AC6900B7232B /* Debug */ = {
			isa = XCBuildConfiguration;
			buildSettings = {
				ALWAYS_SEARCH_USER_PATHS = NO;
				CLANG_ANALYZER_NONNULL = YES;
				CLANG_ANALYZER_NUMBER_OBJECT_CONVERSION = YES_AGGRESSIVE;
				CLANG_CXX_LANGUAGE_STANDARD = "gnu++14";
				CLANG_CXX_LIBRARY = "libc++";
				CLANG_ENABLE_MODULES = YES;
				CLANG_ENABLE_OBJC_ARC = YES;
				CLANG_ENABLE_OBJC_WEAK = YES;
				CLANG_WARN_BLOCK_CAPTURE_AUTORELEASING = YES;
				CLANG_WARN_BOOL_CONVERSION = YES;
				CLANG_WARN_COMMA = YES;
				CLANG_WARN_CONSTANT_CONVERSION = YES;
				CLANG_WARN_DEPRECATED_OBJC_IMPLEMENTATIONS = YES;
				CLANG_WARN_DIRECT_OBJC_ISA_USAGE = YES_ERROR;
				CLANG_WARN_DOCUMENTATION_COMMENTS = YES;
				CLANG_WARN_EMPTY_BODY = YES;
				CLANG_WARN_ENUM_CONVERSION = YES;
				CLANG_WARN_INFINITE_RECURSION = YES;
				CLANG_WARN_INT_CONVERSION = YES;
				CLANG_WARN_NON_LITERAL_NULL_CONVERSION = YES;
				CLANG_WARN_OBJC_IMPLICIT_RETAIN_SELF = YES;
				CLANG_WARN_OBJC_LITERAL_CONVERSION = YES;
				CLANG_WARN_OBJC_ROOT_CLASS = YES_ERROR;
				CLANG_WARN_QUOTED_INCLUDE_IN_FRAMEWORK_HEADER = YES;
				CLANG_WARN_RANGE_LOOP_ANALYSIS = YES;
				CLANG_WARN_STRICT_PROTOTYPES = YES;
				CLANG_WARN_SUSPICIOUS_MOVE = YES;
				CLANG_WARN_UNGUARDED_AVAILABILITY = YES_AGGRESSIVE;
				CLANG_WARN_UNREACHABLE_CODE = YES;
				CLANG_WARN__DUPLICATE_METHOD_MATCH = YES;
				COPY_PHASE_STRIP = NO;
				DEBUG_INFORMATION_FORMAT = dwarf;
				ENABLE_STRICT_OBJC_MSGSEND = YES;
				ENABLE_TESTABILITY = YES;
				GCC_C_LANGUAGE_STANDARD = gnu11;
				GCC_DYNAMIC_NO_PIC = NO;
				GCC_NO_COMMON_BLOCKS = YES;
				GCC_OPTIMIZATION_LEVEL = 0;
				GCC_PREPROCESSOR_DEFINITIONS = (
					"DEBUG=1",
					"$(inherited)",
				);
				GCC_WARN_64_TO_32_BIT_CONVERSION = YES;
				GCC_WARN_ABOUT_RETURN_TYPE = YES_ERROR;
				GCC_WARN_UNDECLARED_SELECTOR = YES;
				GCC_WARN_UNINITIALIZED_AUTOS = YES_AGGRESSIVE;
				GCC_WARN_UNUSED_FUNCTION = YES;
				GCC_WARN_UNUSED_VARIABLE = YES;
				IPHONEOS_DEPLOYMENT_TARGET = 14.5;
				MTL_ENABLE_DEBUG_INFO = INCLUDE_SOURCE;
				MTL_FAST_MATH = YES;
				ONLY_ACTIVE_ARCH = YES;
				SDKROOT = iphoneos;
				SWIFT_ACTIVE_COMPILATION_CONDITIONS = DEBUG;
				SWIFT_OPTIMIZATION_LEVEL = "-Onone";
			};
			name = Debug;
		};
		93351FEF26F9AC6900B7232B /* Release */ = {
			isa = XCBuildConfiguration;
			buildSettings = {
				ALWAYS_SEARCH_USER_PATHS = NO;
				CLANG_ANALYZER_NONNULL = YES;
				CLANG_ANALYZER_NUMBER_OBJECT_CONVERSION = YES_AGGRESSIVE;
				CLANG_CXX_LANGUAGE_STANDARD = "gnu++14";
				CLANG_CXX_LIBRARY = "libc++";
				CLANG_ENABLE_MODULES = YES;
				CLANG_ENABLE_OBJC_ARC = YES;
				CLANG_ENABLE_OBJC_WEAK = YES;
				CLANG_WARN_BLOCK_CAPTURE_AUTORELEASING = YES;
				CLANG_WARN_BOOL_CONVERSION = YES;
				CLANG_WARN_COMMA = YES;
				CLANG_WARN_CONSTANT_CONVERSION = YES;
				CLANG_WARN_DEPRECATED_OBJC_IMPLEMENTATIONS = YES;
				CLANG_WARN_DIRECT_OBJC_ISA_USAGE = YES_ERROR;
				CLANG_WARN_DOCUMENTATION_COMMENTS = YES;
				CLANG_WARN_EMPTY_BODY = YES;
				CLANG_WARN_ENUM_CONVERSION = YES;
				CLANG_WARN_INFINITE_RECURSION = YES;
				CLANG_WARN_INT_CONVERSION = YES;
				CLANG_WARN_NON_LITERAL_NULL_CONVERSION = YES;
				CLANG_WARN_OBJC_IMPLICIT_RETAIN_SELF = YES;
				CLANG_WARN_OBJC_LITERAL_CONVERSION = YES;
				CLANG_WARN_OBJC_ROOT_CLASS = YES_ERROR;
				CLANG_WARN_QUOTED_INCLUDE_IN_FRAMEWORK_HEADER = YES;
				CLANG_WARN_RANGE_LOOP_ANALYSIS = YES;
				CLANG_WARN_STRICT_PROTOTYPES = YES;
				CLANG_WARN_SUSPICIOUS_MOVE = YES;
				CLANG_WARN_UNGUARDED_AVAILABILITY = YES_AGGRESSIVE;
				CLANG_WARN_UNREACHABLE_CODE = YES;
				CLANG_WARN__DUPLICATE_METHOD_MATCH = YES;
				COPY_PHASE_STRIP = NO;
				DEBUG_INFORMATION_FORMAT = "dwarf-with-dsym";
				ENABLE_NS_ASSERTIONS = NO;
				ENABLE_STRICT_OBJC_MSGSEND = YES;
				GCC_C_LANGUAGE_STANDARD = gnu11;
				GCC_NO_COMMON_BLOCKS = YES;
				GCC_WARN_64_TO_32_BIT_CONVERSION = YES;
				GCC_WARN_ABOUT_RETURN_TYPE = YES_ERROR;
				GCC_WARN_UNDECLARED_SELECTOR = YES;
				GCC_WARN_UNINITIALIZED_AUTOS = YES_AGGRESSIVE;
				GCC_WARN_UNUSED_FUNCTION = YES;
				GCC_WARN_UNUSED_VARIABLE = YES;
				IPHONEOS_DEPLOYMENT_TARGET = 14.5;
				MTL_ENABLE_DEBUG_INFO = NO;
				MTL_FAST_MATH = YES;
				SDKROOT = iphoneos;
				SWIFT_COMPILATION_MODE = wholemodule;
				SWIFT_OPTIMIZATION_LEVEL = "-O";
				VALIDATE_PRODUCT = YES;
			};
			name = Release;
		};
		93351FF126F9AC6900B7232B /* Debug */ = {
			isa = XCBuildConfiguration;
			buildSettings = {
				ASSETCATALOG_COMPILER_APPICON_NAME = AppIcon;
				ASSETCATALOG_COMPILER_GLOBAL_ACCENT_COLOR_NAME = AccentColor;
				CODE_SIGN_STYLE = Automatic;
				DEVELOPMENT_TEAM = X49L8C24X9;
				INFOPLIST_FILE = "2021-09-20-Mad-Lib-Anh-Tran/Info.plist";
				LD_RUNPATH_SEARCH_PATHS = (
					"$(inherited)",
					"@executable_path/Frameworks",
				);
				PRODUCT_BUNDLE_IDENTIFIER = "atransf.-021-09-20-Mad-Lib-Anh-Tran";
				PRODUCT_NAME = "$(TARGET_NAME)";
				SWIFT_VERSION = 5.0;
				TARGETED_DEVICE_FAMILY = "1,2";
			};
			name = Debug;
		};
		93351FF226F9AC6900B7232B /* Release */ = {
			isa = XCBuildConfiguration;
			buildSettings = {
				ASSETCATALOG_COMPILER_APPICON_NAME = AppIcon;
				ASSETCATALOG_COMPILER_GLOBAL_ACCENT_COLOR_NAME = AccentColor;
				CODE_SIGN_STYLE = Automatic;
				DEVELOPMENT_TEAM = X49L8C24X9;
				INFOPLIST_FILE = "2021-09-20-Mad-Lib-Anh-Tran/Info.plist";
				LD_RUNPATH_SEARCH_PATHS = (
					"$(inherited)",
					"@executable_path/Frameworks",
				);
				PRODUCT_BUNDLE_IDENTIFIER = "atransf.-021-09-20-Mad-Lib-Anh-Tran";
				PRODUCT_NAME = "$(TARGET_NAME)";
				SWIFT_VERSION = 5.0;
				TARGETED_DEVICE_FAMILY = "1,2";
			};
			name = Release;
		};
		93351FF426F9AC6900B7232B /* Debug */ = {
			isa = XCBuildConfiguration;
			buildSettings = {
				ALWAYS_EMBED_SWIFT_STANDARD_LIBRARIES = YES;
				BUNDLE_LOADER = "$(TEST_HOST)";
				CODE_SIGN_STYLE = Automatic;
				DEVELOPMENT_TEAM = X49L8C24X9;
				INFOPLIST_FILE = "2021-09-20-Mad-Lib-Anh-TranTests/Info.plist";
				IPHONEOS_DEPLOYMENT_TARGET = 14.5;
				LD_RUNPATH_SEARCH_PATHS = (
					"$(inherited)",
					"@executable_path/Frameworks",
					"@loader_path/Frameworks",
				);
				PRODUCT_BUNDLE_IDENTIFIER = "atransf.-021-09-20-Mad-Lib-Anh-TranTests";
				PRODUCT_NAME = "$(TARGET_NAME)";
				SWIFT_VERSION = 5.0;
				TARGETED_DEVICE_FAMILY = "1,2";
				TEST_HOST = "$(BUILT_PRODUCTS_DIR)/2021-09-20-Mad-Lib-Anh-Tran.app/2021-09-20-Mad-Lib-Anh-Tran";
			};
			name = Debug;
		};
		93351FF526F9AC6900B7232B /* Release */ = {
			isa = XCBuildConfiguration;
			buildSettings = {
				ALWAYS_EMBED_SWIFT_STANDARD_LIBRARIES = YES;
				BUNDLE_LOADER = "$(TEST_HOST)";
				CODE_SIGN_STYLE = Automatic;
				DEVELOPMENT_TEAM = X49L8C24X9;
				INFOPLIST_FILE = "2021-09-20-Mad-Lib-Anh-TranTests/Info.plist";
				IPHONEOS_DEPLOYMENT_TARGET = 14.5;
				LD_RUNPATH_SEARCH_PATHS = (
					"$(inherited)",
					"@executable_path/Frameworks",
					"@loader_path/Frameworks",
				);
				PRODUCT_BUNDLE_IDENTIFIER = "atransf.-021-09-20-Mad-Lib-Anh-TranTests";
				PRODUCT_NAME = "$(TARGET_NAME)";
				SWIFT_VERSION = 5.0;
				TARGETED_DEVICE_FAMILY = "1,2";
				TEST_HOST = "$(BUILT_PRODUCTS_DIR)/2021-09-20-Mad-Lib-Anh-Tran.app/2021-09-20-Mad-Lib-Anh-Tran";
			};
			name = Release;
		};
		93351FF726F9AC6900B7232B /* Debug */ = {
			isa = XCBuildConfiguration;
			buildSettings = {
				ALWAYS_EMBED_SWIFT_STANDARD_LIBRARIES = YES;
				CODE_SIGN_STYLE = Automatic;
				DEVELOPMENT_TEAM = X49L8C24X9;
				INFOPLIST_FILE = "2021-09-20-Mad-Lib-Anh-TranUITests/Info.plist";
				LD_RUNPATH_SEARCH_PATHS = (
					"$(inherited)",
					"@executable_path/Frameworks",
					"@loader_path/Frameworks",
				);
				PRODUCT_BUNDLE_IDENTIFIER = "atransf.-021-09-20-Mad-Lib-Anh-TranUITests";
				PRODUCT_NAME = "$(TARGET_NAME)";
				SWIFT_VERSION = 5.0;
				TARGETED_DEVICE_FAMILY = "1,2";
				TEST_TARGET_NAME = "2021-09-20-Mad-Lib-Anh-Tran";
			};
			name = Debug;
		};
		93351FF826F9AC6900B7232B /* Release */ = {
			isa = XCBuildConfiguration;
			buildSettings = {
				ALWAYS_EMBED_SWIFT_STANDARD_LIBRARIES = YES;
				CODE_SIGN_STYLE = Automatic;
				DEVELOPMENT_TEAM = X49L8C24X9;
				INFOPLIST_FILE = "2021-09-20-Mad-Lib-Anh-TranUITests/Info.plist";
				LD_RUNPATH_SEARCH_PATHS = (
					"$(inherited)",
					"@executable_path/Frameworks",
					"@loader_path/Frameworks",
				);
				PRODUCT_BUNDLE_IDENTIFIER = "atransf.-021-09-20-Mad-Lib-Anh-TranUITests";
				PRODUCT_NAME = "$(TARGET_NAME)";
				SWIFT_VERSION = 5.0;
				TARGETED_DEVICE_FAMILY = "1,2";
				TEST_TARGET_NAME = "2021-09-20-Mad-Lib-Anh-Tran";
			};
			name = Release;
		};
/* End XCBuildConfiguration section */

/* Begin XCConfigurationList section */
		93351FC126F9AC6800B7232B /* Build configuration list for PBXProject "2021-09-20-Mad-Lib-Anh-Tran" */ = {
			isa = XCConfigurationList;
			buildConfigurations = (
				93351FEE26F9AC6900B7232B /* Debug */,
				93351FEF26F9AC6900B7232B /* Release */,
			);
			defaultConfigurationIsVisible = 0;
			defaultConfigurationName = Release;
		};
		93351FF026F9AC6900B7232B /* Build configuration list for PBXNativeTarget "2021-09-20-Mad-Lib-Anh-Tran" */ = {
			isa = XCConfigurationList;
			buildConfigurations = (
				93351FF126F9AC6900B7232B /* Debug */,
				93351FF226F9AC6900B7232B /* Release */,
			);
			defaultConfigurationIsVisible = 0;
			defaultConfigurationName = Release;
		};
		93351FF326F9AC6900B7232B /* Build configuration list for PBXNativeTarget "2021-09-20-Mad-Lib-Anh-TranTests" */ = {
			isa = XCConfigurationList;
			buildConfigurations = (
				93351FF426F9AC6900B7232B /* Debug */,
				93351FF526F9AC6900B7232B /* Release */,
			);
			defaultConfigurationIsVisible = 0;
			defaultConfigurationName = Release;
		};
		93351FF626F9AC6900B7232B /* Build configuration list for PBXNativeTarget "2021-09-20-Mad-Lib-Anh-TranUITests" */ = {
			isa = XCConfigurationList;
			buildConfigurations = (
				93351FF726F9AC6900B7232B /* Debug */,
				93351FF826F9AC6900B7232B /* Release */,
			);
			defaultConfigurationIsVisible = 0;
			defaultConfigurationName = Release;
		};
/* End XCConfigurationList section */
	};
	rootObject = 93351FBE26F9AC6800B7232B /* Project object */;
}
